
Microsoft Visual Studio Solution File, Format Version 12.00
# Visual Studio 15
VisualStudioVersion = 15.0.28010.2019
MinimumVisualStudioVersion = 10.0.40219.1
Project("{9A19103F-16F7-4668-BE54-9A1E7A4F7556}") = "SIS.HTTP", "SIS.HTTP\SIS.HTTP.csproj", "{75129AD6-95D5-4E72-9E85-52912DE0D09E}"
EndProject
Project("{9A19103F-16F7-4668-BE54-9A1E7A4F7556}") = "SIS.WebServer", "SIS.WebServer\SIS.WebServer.csproj", "{3A0116C3-22BF-407C-916D-D46047EF56CA}"
EndProject
Project("{9A19103F-16F7-4668-BE54-9A1E7A4F7556}") = "SIS.Demo", "SIS.Demo\SIS.Demo.csproj", "{3978BEB2-35B3-4DEF-A1C4-128AE3BCF99F}"
EndProject
Project("{FAE04EC0-301F-11D3-BF4B-00C04F79EFBC}") = "SIS.IRunes", "SIS.IRunes\SIS.IRunes.csproj", "{FD2529BE-1DA3-4AE9-94E0-C7464764959D}"
EndProject
Global
	GlobalSection(SolutionConfigurationPlatforms) = preSolution
		Debug|Any CPU = Debug|Any CPU
		Release|Any CPU = Release|Any CPU
	EndGlobalSection
	GlobalSection(ProjectConfigurationPlatforms) = postSolution
		{75129AD6-95D5-4E72-9E85-52912DE0D09E}.Debug|Any CPU.ActiveCfg = Debug|Any CPU
		{75129AD6-95D5-4E72-9E85-52912DE0D09E}.Debug|Any CPU.Build.0 = Debug|Any CPU
		{75129AD6-95D5-4E72-9E85-52912DE0D09E}.Release|Any CPU.ActiveCfg = Release|Any CPU
		{75129AD6-95D5-4E72-9E85-52912DE0D09E}.Release|Any CPU.Build.0 = Release|Any CPU
		{3A0116C3-22BF-407C-916D-D46047EF56CA}.Debug|Any CPU.ActiveCfg = Debug|Any CPU
		{3A0116C3-22BF-407C-916D-D46047EF56CA}.Debug|Any CPU.Build.0 = Debug|Any CPU
		{3A0116C3-22BF-407C-916D-D46047EF56CA}.Release|Any CPU.ActiveCfg = Release|Any CPU
		{3A0116C3-22BF-407C-916D-D46047EF56CA}.Release|Any CPU.Build.0 = Release|Any CPU
		{3978BEB2-35B3-4DEF-A1C4-128AE3BCF99F}.Debug|Any CPU.ActiveCfg = Debug|Any CPU
		{3978BEB2-35B3-4DEF-A1C4-128AE3BCF99F}.Debug|Any CPU.Build.0 = Debug|Any CPU
		{3978BEB2-35B3-4DEF-A1C4-128AE3BCF99F}.Release|Any CPU.ActiveCfg = Release|Any CPU
		{3978BEB2-35B3-4DEF-A1C4-128AE3BCF99F}.Release|Any CPU.Build.0 = Release|Any CPU
		{FD2529BE-1DA3-4AE9-94E0-C7464764959D}.Debug|Any CPU.ActiveCfg = Debug|Any CPU
		{FD2529BE-1DA3-4AE9-94E0-C7464764959D}.Debug|Any CPU.Build.0 = Debug|Any CPU
		{FD2529BE-1DA3-4AE9-94E0-C7464764959D}.Release|Any CPU.ActiveCfg = Release|Any CPU
		{FD2529BE-1DA3-4AE9-94E0-C7464764959D}.Release|Any CPU.Build.0 = Release|Any CPU
	EndGlobalSection
	GlobalSection(SolutionProperties) = preSolution
		HideSolutionNode = FALSE
	EndGlobalSection
	GlobalSection(ExtensibilityGlobals) = postSolution
		SolutionGuid = {09587275-3B7E-44E9-89BD-4D7F9A05739C}
	EndGlobalSection
EndGlobal
